
Microsoft Visual Studio Solution File, Format Version 12.00
# Visual Studio Version 16
VisualStudioVersion = 16.0.29709.97
MinimumVisualStudioVersion = 10.0.40219.1
Project("{FAE04EC0-301F-11D3-BF4B-00C04F79EFBC}") = "HackerNewsDemo", "HackerNewsDemo\HackerNewsDemo.csproj", "{8F986140-44FF-4C3B-BE05-90BD442C9945}"
EndProject
Project("{FAE04EC0-301F-11D3-BF4B-00C04F79EFBC}") = "HackerNewsDemo.Test", "HackerNewsDemo.Test\HackerNewsDemo.Test.csproj", "{BA63A6BD-FCB1-4C57-B9F0-A38D358F958C}"
EndProject
Global
	GlobalSection(SolutionConfigurationPlatforms) = preSolution
		Debug|Any CPU = Debug|Any CPU
		Release|Any CPU = Release|Any CPU
	EndGlobalSection
	GlobalSection(ProjectConfigurationPlatforms) = postSolution
		{8F986140-44FF-4C3B-BE05-90BD442C9945}.Debug|Any CPU.ActiveCfg = Debug|Any CPU
		{8F986140-44FF-4C3B-BE05-90BD442C9945}.Debug|Any CPU.Build.0 = Debug|Any CPU
		{8F986140-44FF-4C3B-BE05-90BD442C9945}.Release|Any CPU.ActiveCfg = Release|Any CPU
		{8F986140-44FF-4C3B-BE05-90BD442C9945}.Release|Any CPU.Build.0 = Release|Any CPU
		{BA63A6BD-FCB1-4C57-B9F0-A38D358F958C}.Debug|Any CPU.ActiveCfg = Debug|Any CPU
		{BA63A6BD-FCB1-4C57-B9F0-A38D358F958C}.Debug|Any CPU.Build.0 = Debug|Any CPU
		{BA63A6BD-FCB1-4C57-B9F0-A38D358F958C}.Release|Any CPU.ActiveCfg = Release|Any CPU
		{BA63A6BD-FCB1-4C57-B9F0-A38D358F958C}.Release|Any CPU.Build.0 = Release|Any CPU
	EndGlobalSection
	GlobalSection(SolutionProperties) = preSolution
		HideSolutionNode = FALSE
	EndGlobalSection
	GlobalSection(ExtensibilityGlobals) = postSolution
		SolutionGuid = {4D9EF7B4-7E26-4A65-94E3-CAAD9C25991E}
	EndGlobalSection
EndGlobal
